{
    "name": "secrets_client",
    "version": "0.0.1",
    "lockfileVersion": 3,
    "requires": true,
    "packages": {
        "": {
            "name": "secrets_client",
            "version": "0.0.1",
            "license": "MIT",
            "dependencies": {
                "@nfen/webcrypto-ts": "^0.1.16"
            },
            "devDependencies": {
                "typescript": "^5.8.2"
            },
            "engines": {
                "node": ">=22"
            }
        },
        "node_modules/@nfen/webcrypto-ts": {
            "version": "0.1.16",
            "resolved": "https://registry.npmjs.org/@nfen/webcrypto-ts/-/webcrypto-ts-0.1.16.tgz",
            "integrity": "sha512-yLeBgCFczaV/plyuJOcQDqekyOCbd3+BRM7doHVQsAd5g7OVAgLEzxhvTn1enbvhv+DFzQT01dG7ndCqjb7Y0A==",
            "license": "MIT",
            "engines": {
                "node": ">=18"
            }
        },
        "node_modules/typescript": {
            "version": "5.8.2",
            "resolved": "https://registry.npmjs.org/typescript/-/typescript-5.8.2.tgz",
            "integrity": "sha512-aJn6wq13/afZp/jT9QZmwEjDqqvSGp1VT5GVg+f/t6/oVyrgXM6BY1h9BRh/O5p3PlUPAe+WuiEZOmb/49RqoQ==",
            "dev": true,
            "license": "Apache-2.0",
            "bin": {
                "tsc": "bin/tsc",
                "tsserver": "bin/tsserver"
            },
            "engines": {
                "node": ">=14.17"
            }
        }
    }
}
